<?xml version="1.0" encoding="utf-8"?>
<Project ToolsVersion="4.0" xmlns="http://schemas.microsoft.com/developer/msbuild/2003">
  <ItemGroup>
    <Filter Include="Fichiers sources">
      <UniqueIdentifier>{4FC737F1-C7A5-4376-A066-2A32D752A2FF}</UniqueIdentifier>
      <Extensions>cpp;c;cc;cxx;def;odl;idl;hpj;bat;asm;asmx</Extensions>
    </Filter>
    <Filter Include="Fichiers d%27en-tête">
      <UniqueIdentifier>{93995380-89BD-4b04-88EB-625FBE52EBFB}</UniqueIdentifier>
      <Extensions>h;hh;hpp;hxx;hm;inl;inc;ipp;xsd</Extensions>
    </Filter>
    <Filter Include="Fichiers de ressources">
      <UniqueIdentifier>{67DA6AB6-F800-4c08-8B7A-83BB121AAD01}</UniqueIdentifier>
      <Extensions>rc;ico;cur;bmp;dlg;rc2;rct;bin;rgs;gif;jpg;jpeg;jpe;resx;tiff;tif;png;wav;mfcribbon-ms</Extensions>
    </Filter>
    <Filter Include="GameLib">
      <UniqueIdentifier>{f3a18762-19aa-403f-9100-b9e58f893dd8}</UniqueIdentifier>
    </Filter>
  </ItemGroup>
  <ItemGroup>
    <ClCompile Include="main.cpp">
      <Filter>Fichiers sources</Filter>
    </ClCompile>
    <ClCompile Include="Menu.cpp">
      <Filter>Fichiers sources</Filter>
    </ClCompile>
    <ClCompile Include="Options.cpp">
      <Filter>Fichiers sources</Filter>
    </ClCompile>
    <ClCompile Include="SplashScreen.cpp">
      <Filter>Fichiers sources</Filter>
    </ClCompile>
    <ClCompile Include="GameLib\Clickable.cpp">
      <Filter>GameLib</Filter>
    </ClCompile>
    <ClCompile Include="GameLib\Game.cpp">
      <Filter>GameLib</Filter>
    </ClCompile>
    <ClCompile Include="GameLib\Hitbox.cpp">
      <Filter>GameLib</Filter>
    </ClCompile>
    <ClCompile Include="GameLib\ResourceManager.cpp">
      <Filter>GameLib</Filter>
    </ClCompile>
    <ClCompile Include="GameLib\Scene.cpp">
      <Filter>GameLib</Filter>
    </ClCompile>
    <ClCompile Include="GameLib\TransparentWindow.cpp">
      <Filter>GameLib</Filter>
    </ClCompile>
  </ItemGroup>
  <ItemGroup>
    <ClInclude Include="Menu.h">
      <Filter>Fichiers d%27en-tête</Filter>
    </ClInclude>
    <ClInclude Include="Options.h">
      <Filter>Fichiers d%27en-tête</Filter>
    </ClInclude>
    <ClInclude Include="SplashScreen.h">
      <Filter>Fichiers d%27en-tête</Filter>
    </ClInclude>
    <ClInclude Include="GameLib\Clickable.h">
      <Filter>GameLib</Filter>
    </ClInclude>
    <ClInclude Include="GameLib\Game.h">
      <Filter>GameLib</Filter>
    </ClInclude>
    <ClInclude Include="GameLib\Hitbox.h">
      <Filter>GameLib</Filter>
    </ClInclude>
    <ClInclude Include="GameLib\ResourceManager.h">
      <Filter>GameLib</Filter>
    </ClInclude>
    <ClInclude Include="GameLib\Scene.h">
      <Filter>GameLib</Filter>
    </ClInclude>
    <ClInclude Include="GameLib\JsonHeader\json.hpp">
      <Filter>GameLib</Filter>
    </ClInclude>
    <ClInclude Include="GameLib\TransparentWindow.h">
      <Filter>GameLib</Filter>
    </ClInclude>
  </ItemGroup>
</Project>